
Microsoft Visual Studio Solution File, Format Version 12.00
# Visual Studio Version 17
VisualStudioVersion = 17.2.32630.192
MinimumVisualStudioVersion = 10.0.40219.1
Project("{FAE04EC0-301F-11D3-BF4B-00C04F79EFBC}") = "LookWarden", "LookWarden\LookWarden.csproj", "{3ECC38E8-74E5-4E93-A3CC-093894A40F49}"
EndProject
Global
	GlobalSection(SolutionConfigurationPlatforms) = preSolution
		Debug|Any CPU = Debug|Any CPU
		Release|Any CPU = Release|Any CPU
	EndGlobalSection
	GlobalSection(ProjectConfigurationPlatforms) = postSolution
		{3ECC38E8-74E5-4E93-A3CC-093894A40F49}.Debug|Any CPU.ActiveCfg = Debug|Any CPU
		{3ECC38E8-74E5-4E93-A3CC-093894A40F49}.Debug|Any CPU.Build.0 = Debug|Any CPU
		{3ECC38E8-74E5-4E93-A3CC-093894A40F49}.Release|Any CPU.ActiveCfg = Release|Any CPU
		{3ECC38E8-74E5-4E93-A3CC-093894A40F49}.Release|Any CPU.Build.0 = Release|Any CPU
	EndGlobalSection
	GlobalSection(SolutionProperties) = preSolution
		HideSolutionNode = FALSE
	EndGlobalSection
	GlobalSection(ExtensibilityGlobals) = postSolution
		SolutionGuid = {EB0C6EA8-1AC3-4EFD-8C10-DEC7709CF254}
	EndGlobalSection
EndGlobal
